{
  "name": "@evomap/evolver",
  "version": "1.39.0",
  "lockfileVersion": 3,
  "requires": true,
  "packages": {
    "": {
      "name": "@evomap/evolver",
      "version": "1.39.0",
      "license": "MIT",
      "dependencies": {
        "@evomap/evolver": "^1.40.2",
        "dotenv": "^16.4.7"
      },
      "bin": {
        "evolver": "index.js"
      }
    },
    "node_modules/@evomap/evolver": {
      "version": "1.40.2",
      "resolved": "https://registry.npmjs.org/@evomap/evolver/-/evolver-1.40.2.tgz",
      "integrity": "sha512-QAIxh4jZv3nH1EXz0rxWSILU13gebCIudcHTtx+lfMJWY57poDaX07f2Es4x5yE/cYWkhJIFUVBR3NCRjEw78A==",
      "license": "MIT",
      "dependencies": {
        "dotenv": "^16.4.7"
      },
      "bin": {
        "evolver": "index.js"
      }
    },
    "node_modules/dotenv": {
      "version": "16.6.1",
      "resolved": "https://registry.npmjs.org/dotenv/-/dotenv-16.6.1.tgz",
      "integrity": "sha512-uBq4egWHTcTt33a72vpSG0z3HnPuIl6NqYcTrKEg2azoEyl2hpW0zqlxysq2pK9HlDIHyHyakeYaYnSAwd8bow==",
      "license": "BSD-2-Clause",
      "engines": {
        "node": ">=12"
      },
      "funding": {
        "url": "https://dotenvx.com"
      }
    }
  }
}
